
Microsoft Visual Studio Solution File, Format Version 12.00
# Visual Studio Version 16
VisualStudioVersion = 16.0.30330.147
MinimumVisualStudioVersion = 10.0.40219.1
Project("{FAE04EC0-301F-11D3-BF4B-00C04F79EFBC}") = "OperacionesBásicasPOO", "OperacionesBásicasPOO\OperacionesBásicasPOO.csproj", "{7205208F-0120-4B0F-AA8E-EB3B2EADB24D}"
EndProject
Global
	GlobalSection(SolutionConfigurationPlatforms) = preSolution
		Debug|Any CPU = Debug|Any CPU
		Release|Any CPU = Release|Any CPU
	EndGlobalSection
	GlobalSection(ProjectConfigurationPlatforms) = postSolution
		{7205208F-0120-4B0F-AA8E-EB3B2EADB24D}.Debug|Any CPU.ActiveCfg = Debug|Any CPU
		{7205208F-0120-4B0F-AA8E-EB3B2EADB24D}.Debug|Any CPU.Build.0 = Debug|Any CPU
		{7205208F-0120-4B0F-AA8E-EB3B2EADB24D}.Release|Any CPU.ActiveCfg = Release|Any CPU
		{7205208F-0120-4B0F-AA8E-EB3B2EADB24D}.Release|Any CPU.Build.0 = Release|Any CPU
	EndGlobalSection
	GlobalSection(SolutionProperties) = preSolution
		HideSolutionNode = FALSE
	EndGlobalSection
	GlobalSection(ExtensibilityGlobals) = postSolution
		SolutionGuid = {5554B9F4-047B-42E1-8233-2A041E8C5795}
	EndGlobalSection
EndGlobal
